// !$*UTF8*$!
{
	archiveVersion = 1;
	classes = {
	};
	objectVersion = 50;
	objects = {

/* Begin PBXBuildFile section */
		43F73E1C2434D90200CB6436 /* AppDelegate.swift in Sources */ = {isa = PBXBuildFile; fileRef = 43F73E1B2434D90200CB6436 /* AppDelegate.swift */; };
		43F73E1E2434D90200CB6436 /* SceneDelegate.swift in Sources */ = {isa = PBXBuildFile; fileRef = 43F73E1D2434D90200CB6436 /* SceneDelegate.swift */; };
		43F73E202434D90200CB6436 /* ViewController.swift in Sources */ = {isa = PBXBuildFile; fileRef = 43F73E1F2434D90200CB6436 /* ViewController.swift */; };
		43F73E232434D90200CB6436 /* Main.storyboard in Resources */ = {isa = PBXBuildFile; fileRef = 43F73E212434D90200CB6436 /* Main.storyboard */; };
		43F73E252434D90500CB6436 /* Assets.xcassets in Resources */ = {isa = PBXBuildFile; fileRef = 43F73E242434D90500CB6436 /* Assets.xcassets */; };
		43F73E282434D90500CB6436 /* LaunchScreen.storyboard in Resources */ = {isa = PBXBuildFile; fileRef = 43F73E262434D90500CB6436 /* LaunchScreen.storyboard */; };
		43F73E302434DAEA00CB6436 /* ArticleCell.swift in Sources */ = {isa = PBXBuildFile; fileRef = 43F73E2F2434DAEA00CB6436 /* ArticleCell.swift */; };
		43F73E322434DBF200CB6436 /* Article.swift in Sources */ = {isa = PBXBuildFile; fileRef = 43F73E312434DBF200CB6436 /* Article.swift */; };
/* End PBXBuildFile section */

/* Begin PBXFileReference section */
		43F73E182434D90200CB6436 /* Market News.app */ = {isa = PBXFileReference; explicitFileType = wrapper.application; includeInIndex = 0; path = "Market News.app"; sourceTree = BUILT_PRODUCTS_DIR; };
		43F73E1B2434D90200CB6436 /* AppDelegate.swift */ = {isa = PBXFileReference; lastKnownFileType = sourcecode.swift; path = AppDelegate.swift; sourceTree = "<group>"; };
		43F73E1D2434D90200CB6436 /* SceneDelegate.swift */ = {isa = PBXFileReference; lastKnownFileType = sourcecode.swift; path = SceneDelegate.swift; sourceTree = "<group>"; };
		43F73E1F2434D90200CB6436 /* ViewController.swift */ = {isa = PBXFileReference; lastKnownFileType = sourcecode.swift; path = ViewController.swift; sourceTree = "<group>"; };
		43F73E222434D90200CB6436 /* Base */ = {isa = PBXFileReference; lastKnownFileType = file.storyboard; name = Base; path = Base.lproj/Main.storyboard; sourceTree = "<group>"; };
		43F73E242434D90500CB6436 /* Assets.xcassets */ = {isa = PBXFileReference; lastKnownFileType = folder.assetcatalog; path = Assets.xcassets; sourceTree = "<group>"; };
		43F73E272434D90500CB6436 /* Base */ = {isa = PBXFileReference; lastKnownFileType = file.storyboard; name = Base; path = Base.lproj/LaunchScreen.storyboard; sourceTree = "<group>"; };
		43F73E292434D90500CB6436 /* Info.plist */ = {isa = PBXFileReference; lastKnownFileType = text.plist.xml; path = Info.plist; sourceTree = "<group>"; };
		43F73E2F2434DAEA00CB6436 /* ArticleCell.swift */ = {isa = PBXFileReference; lastKnownFileType = sourcecode.swift; path = ArticleCell.swift; sourceTree = "<group>"; };
		43F73E312434DBF200CB6436 /* Article.swift */ = {isa = PBXFileReference; lastKnownFileType = sourcecode.swift; path = Article.swift; sourceTree = "<group>"; };
/* End PBXFileReference section */

/* Begin PBXFrameworksBuildPhase section */
		43F73E152434D90200CB6436 /* Frameworks */ = {
			isa = PBXFrameworksBuildPhase;
			buildActionMask = 2147483647;
			files = (
			);
			runOnlyForDeploymentPostprocessing = 0;
		};
/* End PBXFrameworksBuildPhase section */

/* Begin PBXGroup section */
		43F73E0F2434D90200CB6436 = {
			isa = PBXGroup;
			children = (
				43F73E1A2434D90200CB6436 /* Market News */,
				43F73E192434D90200CB6436 /* Products */,
			);
			sourceTree = "<group>";
		};
		43F73E192434D90200CB6436 /* Products */ = {
			isa = PBXGroup;
			children = (
				43F73E182434D90200CB6436 /* Market News.app */,
			);
			name = Products;
			sourceTree = "<group>";
		};
		43F73E1A2434D90200CB6436 /* Market News */ = {
			isa = PBXGroup;
			children = (
				43F73E1B2434D90200CB6436 /* AppDelegate.swift */,
				43F73E1D2434D90200CB6436 /* SceneDelegate.swift */,
				43F73E1F2434D90200CB6436 /* ViewController.swift */,
				43F73E212434D90200CB6436 /* Main.storyboard */,
				43F73E2F2434DAEA00CB6436 /* ArticleCell.swift */,
				43F73E242434D90500CB6436 /* Assets.xcassets */,
				43F73E262434D90500CB6436 /* LaunchScreen.storyboard */,
				43F73E292434D90500CB6436 /* Info.plist */,
				43F73E312434DBF200CB6436 /* Article.swift */,
			);
			path = "Market News";
			sourceTree = "<group>";
		};
/* End PBXGroup section */

/* Begin PBXNativeTarget section */
		43F73E172434D90200CB6436 /* Market News */ = {
			isa = PBXNativeTarget;
			buildConfigurationList = 43F73E2C2434D90500CB6436 /* Build configuration list for PBXNativeTarget "Market News" */;
			buildPhases = (
				43F73E142434D90200CB6436 /* Sources */,
				43F73E152434D90200CB6436 /* Frameworks */,
				43F73E162434D90200CB6436 /* Resources */,
			);
			buildRules = (
			);
			dependencies = (
			);
			name = "Market News";
			productName = "Market News";
			productReference = 43F73E182434D90200CB6436 /* Market News.app */;
			productType = "com.apple.product-type.application";
		};
/* End PBXNativeTarget section */

/* Begin PBXProject section */
		43F73E102434D90200CB6436 /* Project object */ = {
			isa = PBXProject;
			attributes = {
				LastSwiftUpdateCheck = 1130;
				LastUpgradeCheck = 1130;
				ORGANIZATIONNAME = Vardnan;
				TargetAttributes = {
					43F73E172434D90200CB6436 = {
						CreatedOnToolsVersion = 11.3;
					};
				};
			};
			buildConfigurationList = 43F73E132434D90200CB6436 /* Build configuration list for PBXProject "Market News" */;
			compatibilityVersion = "Xcode 9.3";
			developmentRegion = en;
			hasScannedForEncodings = 0;
			knownRegions = (
				en,
				Base,
			);
			mainGroup = 43F73E0F2434D90200CB6436;
			productRefGroup = 43F73E192434D90200CB6436 /* Products */;
			projectDirPath = "";
			projectRoot = "";
			targets = (
				43F73E172434D90200CB6436 /* Market News */,
			);
		};
/* End PBXProject section */

/* Begin PBXResourcesBuildPhase section */
		43F73E162434D90200CB6436 /* Resources */ = {
			isa = PBXResourcesBuildPhase;
			buildActionMask = 2147483647;
			files = (
				43F73E282434D90500CB6436 /* LaunchScreen.storyboard in Resources */,
				43F73E252434D90500CB6436 /* Assets.xcassets in Resources */,
				43F73E232434D90200CB6436 /* Main.storyboard in Resources */,
			);
			runOnlyForDeploymentPostprocessing = 0;
		};
/* End PBXResourcesBuildPhase section */

/* Begin PBXSourcesBuildPhase section */
		43F73E142434D90200CB6436 /* Sources */ = {
			isa = PBXSourcesBuildPhase;
			buildActionMask = 2147483647;
			files = (
				43F73E302434DAEA00CB6436 /* ArticleCell.swift in Sources */,
				43F73E202434D90200CB6436 /* ViewController.swift in Sources */,
				43F73E1C2434D90200CB6436 /* AppDelegate.swift in Sources */,
				43F73E1E2434D90200CB6436 /* SceneDelegate.swift in Sources */,
				43F73E322434DBF200CB6436 /* Article.swift in Sources */,
			);
			runOnlyForDeploymentPostprocessing = 0;
		};
/* End PBXSourcesBuildPhase section */

/* Begin PBXVariantGroup section */
		43F73E212434D90200CB6436 /* Main.storyboard */ = {
			isa = PBXVariantGroup;
			children = (
				43F73E222434D90200CB6436 /* Base */,
			);
			name = Main.storyboard;
			sourceTree = "<group>";
		};
		43F73E262434D90500CB6436 /* LaunchScreen.storyboard */ = {
			isa = PBXVariantGroup;
			children = (
				43F73E272434D90500CB6436 /* Base */,
			);
			name = LaunchScreen.storyboard;
			sourceTree = "<group>";
		};
/* End PBXVariantGroup section */

/* Begin XCBuildConfiguration section */
		43F73E2A2434D90500CB6436 /* Debug */ = {
			isa = XCBuildConfiguration;
			buildSettings = {
				ALWAYS_SEARCH_USER_PATHS = NO;
				CLANG_ANALYZER_NONNULL = YES;
				CLANG_ANALYZER_NUMBER_OBJECT_CONVERSION = YES_AGGRESSIVE;
				CLANG_CXX_LANGUAGE_STANDARD = "gnu++14";
				CLANG_CXX_LIBRARY = "libc++";
				CLANG_ENABLE_MODULES = YES;
				CLANG_ENABLE_OBJC_ARC = YES;
				CLANG_ENABLE_OBJC_WEAK = YES;
				CLANG_WARN_BLOCK_CAPTURE_AUTORELEASING = YES;
				CLANG_WARN_BOOL_CONVERSION = YES;
				CLANG_WARN_COMMA = YES;
				CLANG_WARN_CONSTANT_CONVERSION = YES;
				CLANG_WARN_DEPRECATED_OBJC_IMPLEMENTATIONS = YES;
				CLANG_WARN_DIRECT_OBJC_ISA_USAGE = YES_ERROR;
				CLANG_WARN_DOCUMENTATION_COMMENTS = YES;
				CLANG_WARN_EMPTY_BODY = YES;
				CLANG_WARN_ENUM_CONVERSION = YES;
				CLANG_WARN_INFINITE_RECURSION = YES;
				CLANG_WARN_INT_CONVERSION = YES;
				CLANG_WARN_NON_LITERAL_NULL_CONVERSION = YES;
				CLANG_WARN_OBJC_IMPLICIT_RETAIN_SELF = YES;
				CLANG_WARN_OBJC_LITERAL_CONVERSION = YES;
				CLANG_WARN_OBJC_ROOT_CLASS = YES_ERROR;
				CLANG_WARN_RANGE_LOOP_ANALYSIS = YES;
				CLANG_WARN_STRICT_PROTOTYPES = YES;
				CLANG_WARN_SUSPICIOUS_MOVE = YES;
				CLANG_WARN_UNGUARDED_AVAILABILITY = YES_AGGRESSIVE;
				CLANG_WARN_UNREACHABLE_CODE = YES;
				CLANG_WARN__DUPLICATE_METHOD_MATCH = YES;
				COPY_PHASE_STRIP = NO;
				DEBUG_INFORMATION_FORMAT = dwarf;
				ENABLE_STRICT_OBJC_MSGSEND = YES;
				ENABLE_TESTABILITY = YES;
				GCC_C_LANGUAGE_STANDARD = gnu11;
				GCC_DYNAMIC_NO_PIC = NO;
				GCC_NO_COMMON_BLOCKS = YES;
				GCC_OPTIMIZATION_LEVEL = 0;
				GCC_PREPROCESSOR_DEFINITIONS = (
					"DEBUG=1",
					"$(inherited)",
				);
				GCC_WARN_64_TO_32_BIT_CONVERSION = YES;
				GCC_WARN_ABOUT_RETURN_TYPE = YES_ERROR;
				GCC_WARN_UNDECLARED_SELECTOR = YES;
				GCC_WARN_UNINITIALIZED_AUTOS = YES_AGGRESSIVE;
				GCC_WARN_UNUSED_FUNCTION = YES;
				GCC_WARN_UNUSED_VARIABLE = YES;
				IPHONEOS_DEPLOYMENT_TARGET = 13.2;
				MTL_ENABLE_DEBUG_INFO = INCLUDE_SOURCE;
				MTL_FAST_MATH = YES;
				ONLY_ACTIVE_ARCH = YES;
				SDKROOT = iphoneos;
				SWIFT_ACTIVE_COMPILATION_CONDITIONS = DEBUG;
				SWIFT_OPTIMIZATION_LEVEL = "-Onone";
			};
			name = Debug;
		};
		43F73E2B2434D90500CB6436 /* Release */ = {
			isa = XCBuildConfiguration;
			buildSettings = {
				ALWAYS_SEARCH_USER_PATHS = NO;
				CLANG_ANALYZER_NONNULL = YES;
				CLANG_ANALYZER_NUMBER_OBJECT_CONVERSION = YES_AGGRESSIVE;
				CLANG_CXX_LANGUAGE_STANDARD = "gnu++14";
				CLANG_CXX_LIBRARY = "libc++";
				CLANG_ENABLE_MODULES = YES;
				CLANG_ENABLE_OBJC_ARC = YES;
				CLANG_ENABLE_OBJC_WEAK = YES;
				CLANG_WARN_BLOCK_CAPTURE_AUTORELEASING = YES;
				CLANG_WARN_BOOL_CONVERSION = YES;
				CLANG_WARN_COMMA = YES;
				CLANG_WARN_CONSTANT_CONVERSION = YES;
				CLANG_WARN_DEPRECATED_OBJC_IMPLEMENTATIONS = YES;
				CLANG_WARN_DIRECT_OBJC_ISA_USAGE = YES_ERROR;
				CLANG_WARN_DOCUMENTATION_COMMENTS = YES;
				CLANG_WARN_EMPTY_BODY = YES;
				CLANG_WARN_ENUM_CONVERSION = YES;
				CLANG_WARN_INFINITE_RECURSION = YES;
				CLANG_WARN_INT_CONVERSION = YES;
				CLANG_WARN_NON_LITERAL_NULL_CONVERSION = YES;
				CLANG_WARN_OBJC_IMPLICIT_RETAIN_SELF = YES;
				CLANG_WARN_OBJC_LITERAL_CONVERSION = YES;
				CLANG_WARN_OBJC_ROOT_CLASS = YES_ERROR;
				CLANG_WARN_RANGE_LOOP_ANALYSIS = YES;
				CLANG_WARN_STRICT_PROTOTYPES = YES;
				CLANG_WARN_SUSPICIOUS_MOVE = YES;
				CLANG_WARN_UNGUARDED_AVAILABILITY = YES_AGGRESSIVE;
				CLANG_WARN_UNREACHABLE_CODE = YES;
				CLANG_WARN__DUPLICATE_METHOD_MATCH = YES;
				COPY_PHASE_STRIP = NO;
				DEBUG_INFORMATION_FORMAT = "dwarf-with-dsym";
				ENABLE_NS_ASSERTIONS = NO;
				ENABLE_STRICT_OBJC_MSGSEND = YES;
				GCC_C_LANGUAGE_STANDARD = gnu11;
				GCC_NO_COMMON_BLOCKS = YES;
				GCC_WARN_64_TO_32_BIT_CONVERSION = YES;
				GCC_WARN_ABOUT_RETURN_TYPE = YES_ERROR;
				GCC_WARN_UNDECLARED_SELECTOR = YES;
				GCC_WARN_UNINITIALIZED_AUTOS = YES_AGGRESSIVE;
				GCC_WARN_UNUSED_FUNCTION = YES;
				GCC_WARN_UNUSED_VARIABLE = YES;
				IPHONEOS_DEPLOYMENT_TARGET = 13.2;
				MTL_ENABLE_DEBUG_INFO = NO;
				MTL_FAST_MATH = YES;
				SDKROOT = iphoneos;
				SWIFT_COMPILATION_MODE = wholemodule;
				SWIFT_OPTIMIZATION_LEVEL = "-O";
				VALIDATE_PRODUCT = YES;
			};
			name = Release;
		};
		43F73E2D2434D90500CB6436 /* Debug */ = {
			isa = XCBuildConfiguration;
			buildSettings = {
				ASSETCATALOG_COMPILER_APPICON_NAME = AppIcon;
				CODE_SIGN_STYLE = Automatic;
				DEVELOPMENT_TEAM = 6P36N2Y47J;
				INFOPLIST_FILE = "Market News/Info.plist";
				LD_RUNPATH_SEARCH_PATHS = (
					"$(inherited)",
					"@executable_path/Frameworks",
				);
				PRODUCT_BUNDLE_IDENTIFIER = "com.vardnan.Market-News";
				PRODUCT_NAME = "$(TARGET_NAME)";
				SWIFT_VERSION = 5.0;
				TARGETED_DEVICE_FAMILY = "1,2";
			};
			name = Debug;
		};
		43F73E2E2434D90500CB6436 /* Release */ = {
			isa = XCBuildConfiguration;
			buildSettings = {
				ASSETCATALOG_COMPILER_APPICON_NAME = AppIcon;
				CODE_SIGN_STYLE = Automatic;
				DEVELOPMENT_TEAM = 6P36N2Y47J;
				INFOPLIST_FILE = "Market News/Info.plist";
				LD_RUNPATH_SEARCH_PATHS = (
					"$(inherited)",
					"@executable_path/Frameworks",
				);
				PRODUCT_BUNDLE_IDENTIFIER = "com.vardnan.Market-News";
				PRODUCT_NAME = "$(TARGET_NAME)";
				SWIFT_VERSION = 5.0;
				TARGETED_DEVICE_FAMILY = "1,2";
			};
			name = Release;
		};
/* End XCBuildConfiguration section */

/* Begin XCConfigurationList section */
		43F73E132434D90200CB6436 /* Build configuration list for PBXProject "Market News" */ = {
			isa = XCConfigurationList;
			buildConfigurations = (
				43F73E2A2434D90500CB6436 /* Debug */,
				43F73E2B2434D90500CB6436 /* Release */,
			);
			defaultConfigurationIsVisible = 0;
			defaultConfigurationName = Release;
		};
		43F73E2C2434D90500CB6436 /* Build configuration list for PBXNativeTarget "Market News" */ = {
			isa = XCConfigurationList;
			buildConfigurations = (
				43F73E2D2434D90500CB6436 /* Debug */,
				43F73E2E2434D90500CB6436 /* Release */,
			);
			defaultConfigurationIsVisible = 0;
			defaultConfigurationName = Release;
		};
/* End XCConfigurationList section */
	};
	rootObject = 43F73E102434D90200CB6436 /* Project object */;
}
